
Microsoft Visual Studio Solution File, Format Version 12.00
# Visual Studio Version 17
VisualStudioVersion = 17.10.34928.147
MinimumVisualStudioVersion = 10.0.40219.1
Project("{2150E333-8FDC-42A3-9474-1A3956D46DE8}") = "src", "src", "{93E670D0-7684-4DBE-BD40-7BE0931127EE}"
EndProject
Project("{2150E333-8FDC-42A3-9474-1A3956D46DE8}") = "core", "core", "{5ED3602E-9FA2-4BCB-A5C9-8F155B2D9C13}"
EndProject
Project("{FAE04EC0-301F-11D3-BF4B-00C04F79EFBC}") = "Domain", "Domain\Domain.csproj", "{0CE75AE5-4AA2-4BD7-BE96-934D95E361B2}"
EndProject
Project("{FAE04EC0-301F-11D3-BF4B-00C04F79EFBC}") = "Application", "Application\Application.csproj", "{C30E7085-F008-4EE2-A078-B9CD77E61073}"
EndProject
Project("{FAE04EC0-301F-11D3-BF4B-00C04F79EFBC}") = "Infrastructure", "Infrastructure\Infrastructure.csproj", "{A9D6EEB7-90C9-4BA6-BD70-C67EABC0719C}"
EndProject
Project("{FAE04EC0-301F-11D3-BF4B-00C04F79EFBC}") = "WebApi", "WebApi\WebApi.csproj", "{D03CEEDE-B9AB-4B35-869E-339462D52F62}"
EndProject
Global
	GlobalSection(SolutionConfigurationPlatforms) = preSolution
		Debug|Any CPU = Debug|Any CPU
		Release|Any CPU = Release|Any CPU
	EndGlobalSection
	GlobalSection(ProjectConfigurationPlatforms) = postSolution
		{0CE75AE5-4AA2-4BD7-BE96-934D95E361B2}.Debug|Any CPU.ActiveCfg = Debug|Any CPU
		{0CE75AE5-4AA2-4BD7-BE96-934D95E361B2}.Debug|Any CPU.Build.0 = Debug|Any CPU
		{0CE75AE5-4AA2-4BD7-BE96-934D95E361B2}.Release|Any CPU.ActiveCfg = Release|Any CPU
		{0CE75AE5-4AA2-4BD7-BE96-934D95E361B2}.Release|Any CPU.Build.0 = Release|Any CPU
		{C30E7085-F008-4EE2-A078-B9CD77E61073}.Debug|Any CPU.ActiveCfg = Debug|Any CPU
		{C30E7085-F008-4EE2-A078-B9CD77E61073}.Debug|Any CPU.Build.0 = Debug|Any CPU
		{C30E7085-F008-4EE2-A078-B9CD77E61073}.Release|Any CPU.ActiveCfg = Release|Any CPU
		{C30E7085-F008-4EE2-A078-B9CD77E61073}.Release|Any CPU.Build.0 = Release|Any CPU
		{A9D6EEB7-90C9-4BA6-BD70-C67EABC0719C}.Debug|Any CPU.ActiveCfg = Debug|Any CPU
		{A9D6EEB7-90C9-4BA6-BD70-C67EABC0719C}.Debug|Any CPU.Build.0 = Debug|Any CPU
		{A9D6EEB7-90C9-4BA6-BD70-C67EABC0719C}.Release|Any CPU.ActiveCfg = Release|Any CPU
		{A9D6EEB7-90C9-4BA6-BD70-C67EABC0719C}.Release|Any CPU.Build.0 = Release|Any CPU
		{D03CEEDE-B9AB-4B35-869E-339462D52F62}.Debug|Any CPU.ActiveCfg = Debug|Any CPU
		{D03CEEDE-B9AB-4B35-869E-339462D52F62}.Debug|Any CPU.Build.0 = Debug|Any CPU
		{D03CEEDE-B9AB-4B35-869E-339462D52F62}.Release|Any CPU.ActiveCfg = Release|Any CPU
		{D03CEEDE-B9AB-4B35-869E-339462D52F62}.Release|Any CPU.Build.0 = Release|Any CPU
	EndGlobalSection
	GlobalSection(SolutionProperties) = preSolution
		HideSolutionNode = FALSE
	EndGlobalSection
	GlobalSection(NestedProjects) = preSolution
		{5ED3602E-9FA2-4BCB-A5C9-8F155B2D9C13} = {93E670D0-7684-4DBE-BD40-7BE0931127EE}
		{0CE75AE5-4AA2-4BD7-BE96-934D95E361B2} = {5ED3602E-9FA2-4BCB-A5C9-8F155B2D9C13}
		{C30E7085-F008-4EE2-A078-B9CD77E61073} = {5ED3602E-9FA2-4BCB-A5C9-8F155B2D9C13}
		{A9D6EEB7-90C9-4BA6-BD70-C67EABC0719C} = {93E670D0-7684-4DBE-BD40-7BE0931127EE}
		{D03CEEDE-B9AB-4B35-869E-339462D52F62} = {93E670D0-7684-4DBE-BD40-7BE0931127EE}
	EndGlobalSection
	GlobalSection(ExtensibilityGlobals) = postSolution
		SolutionGuid = {786DDE10-A000-4C04-85AB-233740403A69}
	EndGlobalSection
EndGlobal
